
Microsoft Visual Studio Solution File, Format Version 12.00
# Visual Studio 14
VisualStudioVersion = 14.0.25123.0
MinimumVisualStudioVersion = 10.0.40219.1
Project("{8BC9CEB8-8B4A-11D0-8D11-00A0C91BC942}") = "InjectDll", "Dll_Inject\Dll_Inject.vcxproj", "{0245003D-BE26-4D99-B2F5-D3DDA39932E1}"
EndProject
Project("{8BC9CEB8-8B4A-11D0-8D11-00A0C91BC942}") = "InjectRemoteProc", "InjectRemoteProc\InjectRemoteProc.vcxproj", "{81562147-EE07-4225-88B5-5F21975F0484}"
EndProject
Global
	GlobalSection(SolutionConfigurationPlatforms) = preSolution
		Debug|Win32 = Debug|Win32
		Debug|x64 = Debug|x64
		Release|Win32 = Release|Win32
		Release|x64 = Release|x64
	EndGlobalSection
	GlobalSection(ProjectConfigurationPlatforms) = postSolution
		{0245003D-BE26-4D99-B2F5-D3DDA39932E1}.Debug|Win32.ActiveCfg = Debug|Win32
		{0245003D-BE26-4D99-B2F5-D3DDA39932E1}.Debug|Win32.Build.0 = Debug|Win32
		{0245003D-BE26-4D99-B2F5-D3DDA39932E1}.Debug|x64.ActiveCfg = Debug|x64
		{0245003D-BE26-4D99-B2F5-D3DDA39932E1}.Debug|x64.Build.0 = Debug|x64
		{0245003D-BE26-4D99-B2F5-D3DDA39932E1}.Release|Win32.ActiveCfg = Release|Win32
		{0245003D-BE26-4D99-B2F5-D3DDA39932E1}.Release|Win32.Build.0 = Release|Win32
		{0245003D-BE26-4D99-B2F5-D3DDA39932E1}.Release|x64.ActiveCfg = Release|x64
		{0245003D-BE26-4D99-B2F5-D3DDA39932E1}.Release|x64.Build.0 = Release|x64
		{81562147-EE07-4225-88B5-5F21975F0484}.Debug|Win32.ActiveCfg = Debug|Win32
		{81562147-EE07-4225-88B5-5F21975F0484}.Debug|Win32.Build.0 = Debug|Win32
		{81562147-EE07-4225-88B5-5F21975F0484}.Debug|x64.ActiveCfg = Debug|x64
		{81562147-EE07-4225-88B5-5F21975F0484}.Debug|x64.Build.0 = Debug|x64
		{81562147-EE07-4225-88B5-5F21975F0484}.Release|Win32.ActiveCfg = Release|Win32
		{81562147-EE07-4225-88B5-5F21975F0484}.Release|Win32.Build.0 = Release|Win32
		{81562147-EE07-4225-88B5-5F21975F0484}.Release|x64.ActiveCfg = Release|x64
		{81562147-EE07-4225-88B5-5F21975F0484}.Release|x64.Build.0 = Release|x64
	EndGlobalSection
	GlobalSection(SolutionProperties) = preSolution
		HideSolutionNode = FALSE
	EndGlobalSection
EndGlobal
